[{<<"cowboy">>,
  {git,"https://github.com/ninenines/cowboy",
       {ref,"8795233c57f1f472781a22ffbf186ce38cc5b049"}},
  0},
 {<<"cowlib">>,
  {git,"https://github.com/ninenines/cowlib",
       {ref,"6deddc7d3360aa0f50eb2375cc0226157185c472"}},
  1},
 {<<"gproc">>,
  {git,"https://github.com/uwiger/gproc",
       {ref,"3737f2b958a5908d7a3870046ae162c5b9bf971c"}},
  0},
 {<<"ranch">>,
  {git,"https://github.com/ninenines/ranch",
       {ref,"3190aef88aea04d6dce8545fe9b4574288903f44"}},
  1},
 {<<"redbug">>,
  {git,"https://github.com/massemanet/redbug",
       {ref,"c583d4567d1e2b8a540593ad0512559798d42565"}},
  0}].
